
Microsoft Visual Studio Solution File, Format Version 12.00
# Visual Studio Version 17
VisualStudioVersion = 17.1.32407.343
MinimumVisualStudioVersion = 10.0.40219.1
Project("{9A19103F-16F7-4668-BE54-9A1E7A4F7556}") = "GeometryGymIFCcore", "GeometryGymIFCcore\GeometryGymIFCcore.csproj", "{A9A8C4F7-3E05-4BE0-B284-EFBF59E81784}"
EndProject
Project("{9A19103F-16F7-4668-BE54-9A1E7A4F7556}") = "GeometryGymIFCRhinoCommonx64", "GeometryGymIFCRhinoCommonx64\GeometryGymIFCRhinoCommonx64.csproj", "{DB8AFB57-0E08-4C32-B94B-AF81706833C3}"
EndProject
Project("{9A19103F-16F7-4668-BE54-9A1E7A4F7556}") = "GeometryGymIFC", "GeometryGymIFC\GeometryGymIFC.csproj", "{6AECE323-C83B-45AD-A697-F9B49A0A580D}"
EndProject
Global
	GlobalSection(SolutionConfigurationPlatforms) = preSolution
		Debug|Any CPU = Debug|Any CPU
		Debug|x64 = Debug|x64
		Release|Any CPU = Release|Any CPU
		Release|x64 = Release|x64
	EndGlobalSection
	GlobalSection(ProjectConfigurationPlatforms) = postSolution
		{A9A8C4F7-3E05-4BE0-B284-EFBF59E81784}.Debug|Any CPU.ActiveCfg = Debug|Any CPU
		{A9A8C4F7-3E05-4BE0-B284-EFBF59E81784}.Debug|Any CPU.Build.0 = Debug|Any CPU
		{A9A8C4F7-3E05-4BE0-B284-EFBF59E81784}.Debug|x64.ActiveCfg = Debug|Any CPU
		{A9A8C4F7-3E05-4BE0-B284-EFBF59E81784}.Debug|x64.Build.0 = Debug|Any CPU
		{A9A8C4F7-3E05-4BE0-B284-EFBF59E81784}.Release|Any CPU.ActiveCfg = Release|Any CPU
		{A9A8C4F7-3E05-4BE0-B284-EFBF59E81784}.Release|Any CPU.Build.0 = Release|Any CPU
		{A9A8C4F7-3E05-4BE0-B284-EFBF59E81784}.Release|x64.ActiveCfg = Release|Any CPU
		{A9A8C4F7-3E05-4BE0-B284-EFBF59E81784}.Release|x64.Build.0 = Release|Any CPU
		{DB8AFB57-0E08-4C32-B94B-AF81706833C3}.Debug|Any CPU.ActiveCfg = Debug|Any CPU
		{DB8AFB57-0E08-4C32-B94B-AF81706833C3}.Debug|Any CPU.Build.0 = Debug|Any CPU
		{DB8AFB57-0E08-4C32-B94B-AF81706833C3}.Debug|x64.ActiveCfg = Debug|Any CPU
		{DB8AFB57-0E08-4C32-B94B-AF81706833C3}.Debug|x64.Build.0 = Debug|Any CPU
		{DB8AFB57-0E08-4C32-B94B-AF81706833C3}.Release|Any CPU.ActiveCfg = Release|Any CPU
		{DB8AFB57-0E08-4C32-B94B-AF81706833C3}.Release|Any CPU.Build.0 = Release|Any CPU
		{DB8AFB57-0E08-4C32-B94B-AF81706833C3}.Release|x64.ActiveCfg = Release|Any CPU
		{DB8AFB57-0E08-4C32-B94B-AF81706833C3}.Release|x64.Build.0 = Release|Any CPU
		{6AECE323-C83B-45AD-A697-F9B49A0A580D}.Debug|Any CPU.ActiveCfg = Debug|Any CPU
		{6AECE323-C83B-45AD-A697-F9B49A0A580D}.Debug|Any CPU.Build.0 = Debug|Any CPU
		{6AECE323-C83B-45AD-A697-F9B49A0A580D}.Debug|x64.ActiveCfg = Debug|Any CPU
		{6AECE323-C83B-45AD-A697-F9B49A0A580D}.Debug|x64.Build.0 = Debug|Any CPU
		{6AECE323-C83B-45AD-A697-F9B49A0A580D}.Release|Any CPU.ActiveCfg = Release|Any CPU
		{6AECE323-C83B-45AD-A697-F9B49A0A580D}.Release|Any CPU.Build.0 = Release|Any CPU
		{6AECE323-C83B-45AD-A697-F9B49A0A580D}.Release|x64.ActiveCfg = Release|Any CPU
		{6AECE323-C83B-45AD-A697-F9B49A0A580D}.Release|x64.Build.0 = Release|Any CPU
	EndGlobalSection
	GlobalSection(SolutionProperties) = preSolution
		HideSolutionNode = FALSE
	EndGlobalSection
	GlobalSection(ExtensibilityGlobals) = postSolution
		SolutionGuid = {6B0500FB-88EA-4089-8A63-C3CAC101AC07}
	EndGlobalSection
EndGlobal
